
Microsoft Visual Studio Solution File, Format Version 12.00
# Visual Studio Version 17
VisualStudioVersion = 17.8.34525.116
MinimumVisualStudioVersion = 10.0.40219.1
Project("{9A19103F-16F7-4668-BE54-9A1E7A4F7556}") = "PlatformService", "PlatformService.csproj", "{D8613929-5007-4864-A751-4B3CECF5562D}"
EndProject
Project("{2150E333-8FDC-42A3-9474-1A3956D46DE8}") = "src", "src", "{264F8A3A-2659-4A6E-9E14-E1219B0CCF50}"
EndProject
Global
	GlobalSection(SolutionConfigurationPlatforms) = preSolution
		Debug|Any CPU = Debug|Any CPU
		Release|Any CPU = Release|Any CPU
	EndGlobalSection
	GlobalSection(ProjectConfigurationPlatforms) = postSolution
		{D8613929-5007-4864-A751-4B3CECF5562D}.Debug|Any CPU.ActiveCfg = Debug|Any CPU
		{D8613929-5007-4864-A751-4B3CECF5562D}.Debug|Any CPU.Build.0 = Debug|Any CPU
		{D8613929-5007-4864-A751-4B3CECF5562D}.Release|Any CPU.ActiveCfg = Release|Any CPU
		{D8613929-5007-4864-A751-4B3CECF5562D}.Release|Any CPU.Build.0 = Release|Any CPU
	EndGlobalSection
	GlobalSection(SolutionProperties) = preSolution
		HideSolutionNode = FALSE
	EndGlobalSection
	GlobalSection(NestedProjects) = preSolution
		{D8613929-5007-4864-A751-4B3CECF5562D} = {264F8A3A-2659-4A6E-9E14-E1219B0CCF50}
	EndGlobalSection
	GlobalSection(ExtensibilityGlobals) = postSolution
		SolutionGuid = {EEA69B9F-8154-4E3D-8322-8C9EA09DE254}
	EndGlobalSection
EndGlobal
